
Microsoft Visual Studio Solution File, Format Version 12.00
# Visual Studio Version 17
VisualStudioVersion = 17.9.34723.18
MinimumVisualStudioVersion = 10.0.40219.1
Project("{FAE04EC0-301F-11D3-BF4B-00C04F79EFBC}") = "ExcelFileHandlerApp", "ExeclFileMasterTools\ExcelFileHandlerApp.csproj", "{02CB181D-93EF-4D02-9AEF-9ACD8CBC5F26}"
EndProject
Global
	GlobalSection(SolutionConfigurationPlatforms) = preSolution
		Debug|Any CPU = Debug|Any CPU
		Release|Any CPU = Release|Any CPU
	EndGlobalSection
	GlobalSection(ProjectConfigurationPlatforms) = postSolution
		{02CB181D-93EF-4D02-9AEF-9ACD8CBC5F26}.Debug|Any CPU.ActiveCfg = Debug|Any CPU
		{02CB181D-93EF-4D02-9AEF-9ACD8CBC5F26}.Debug|Any CPU.Build.0 = Debug|Any CPU
		{02CB181D-93EF-4D02-9AEF-9ACD8CBC5F26}.Release|Any CPU.ActiveCfg = Release|Any CPU
		{02CB181D-93EF-4D02-9AEF-9ACD8CBC5F26}.Release|Any CPU.Build.0 = Release|Any CPU
	EndGlobalSection
	GlobalSection(SolutionProperties) = preSolution
		HideSolutionNode = FALSE
	EndGlobalSection
	GlobalSection(ExtensibilityGlobals) = postSolution
		SolutionGuid = {65A7718E-653A-403C-B797-A584D79286B2}
	EndGlobalSection
EndGlobal
